hash: a46c3790a0bd1e9a947dbc2b99b121124f0fa20ced6c16cb92be7c37fa397ed9
updated: 2020-05-28T16:15:29.2965911+08:00
imports:
- name: github.com/opencontainers/runtime-spec
  version: c4ee7d12c742ffe806cd9350b6af3b4b19faed6f
  subpackages:
  - specs-go
- name: github.com/prashantv/gostub
  version: 24ed9cdea43de1d52ea20cab2b7a38e7ed6886b3
testImports: []
